// !$*UTF8*$!
{
	archiveVersion = 1;
	classes = {
	};
	objectVersion = 56;
	objects = {

/* Begin PBXBuildFile section */
		6D07B34D2B828FE00015B4DE /* ConversationTableViewCell.swift in Sources */ = {isa = PBXBuildFile; fileRef = 6D07B34C2B828FE00015B4DE /* ConversationTableViewCell.swift */; };
		6D94E24C2B7E947300677086 /* MessageKit in Frameworks */ = {isa = PBXBuildFile; productRef = 6D94E24B2B7E947300677086 /* MessageKit */; };
		6D94E2732B7EBEF500677086 /* StorageManager.swift in Sources */ = {isa = PBXBuildFile; fileRef = 6D94E2722B7EBEF500677086 /* StorageManager.swift */; };
		6DBB88C02BA4AA2600A1D66B /* LocationPickerViewController.swift in Sources */ = {isa = PBXBuildFile; fileRef = 6DBB88BF2BA4AA2600A1D66B /* LocationPickerViewController.swift */; };
		6DBB88C22BA7720200A1D66B /* ConversationModels.swift in Sources */ = {isa = PBXBuildFile; fileRef = 6DBB88C12BA7720200A1D66B /* ConversationModels.swift */; };
		6DBB88C42BA7724A00A1D66B /* ChatModels.swift in Sources */ = {isa = PBXBuildFile; fileRef = 6DBB88C32BA7724A00A1D66B /* ChatModels.swift */; };
		6DBB88C62BA7729600A1D66B /* SearchResultsModel.swift in Sources */ = {isa = PBXBuildFile; fileRef = 6DBB88C52BA7729600A1D66B /* SearchResultsModel.swift */; };
		6DBB88C82BA7732E00A1D66B /* ProfileViewModel.swift in Sources */ = {isa = PBXBuildFile; fileRef = 6DBB88C72BA7732E00A1D66B /* ProfileViewModel.swift */; };
		6DC127982B972BAB00A8D459 /* NewConversationCell.swift in Sources */ = {isa = PBXBuildFile; fileRef = 6DC127972B972BAB00A8D459 /* NewConversationCell.swift */; };
		6DD75E132B7CD18C00BE3E8D /* AppDelegate.swift in Sources */ = {isa = PBXBuildFile; fileRef = 6DD75E122B7CD18C00BE3E8D /* AppDelegate.swift */; };
		6DD75E152B7CD18C00BE3E8D /* SceneDelegate.swift in Sources */ = {isa = PBXBuildFile; fileRef = 6DD75E142B7CD18C00BE3E8D /* SceneDelegate.swift */; };
		6DD75E172B7CD18C00BE3E8D /* ConversationViewController.swift in Sources */ = {isa = PBXBuildFile; fileRef = 6DD75E162B7CD18C00BE3E8D /* ConversationViewController.swift */; };
		6DD75E1A2B7CD18C00BE3E8D /* Main.storyboard in Resources */ = {isa = PBXBuildFile; fileRef = 6DD75E182B7CD18C00BE3E8D /* Main.storyboard */; };
		6DD75E1C2B7CD18D00BE3E8D /* Assets.xcassets in Resources */ = {isa = PBXBuildFile; fileRef = 6DD75E1B2B7CD18D00BE3E8D /* Assets.xcassets */; };
		6DD75E1F2B7CD18D00BE3E8D /* LaunchScreen.storyboard in Resources */ = {isa = PBXBuildFile; fileRef = 6DD75E1D2B7CD18D00BE3E8D /* LaunchScreen.storyboard */; };
		6DD75E2D2B7CD2D500BE3E8D /* LoginViewController.swift in Sources */ = {isa = PBXBuildFile; fileRef = 6DD75E2C2B7CD2D500BE3E8D /* LoginViewController.swift */; };
		6DD75E2F2B7CD2E500BE3E8D /* RegisterViewController.swift in Sources */ = {isa = PBXBuildFile; fileRef = 6DD75E2E2B7CD2E500BE3E8D /* RegisterViewController.swift */; };
		6DD75E312B7CD2FF00BE3E8D /* PhotoViewerViewController.swift in Sources */ = {isa = PBXBuildFile; fileRef = 6DD75E302B7CD2FF00BE3E8D /* PhotoViewerViewController.swift */; };
		6DD75E352B7CD32C00BE3E8D /* NewConversationViewController.swift in Sources */ = {isa = PBXBuildFile; fileRef = 6DD75E342B7CD32C00BE3E8D /* NewConversationViewController.swift */; };
		6DD75E372B7CD33800BE3E8D /* ProfileViewController.swift in Sources */ = {isa = PBXBuildFile; fileRef = 6DD75E362B7CD33800BE3E8D /* ProfileViewController.swift */; };
		6DD75E3A2B7CD9D900BE3E8D /* Extensions.swift in Sources */ = {isa = PBXBuildFile; fileRef = 6DD75E392B7CD9D900BE3E8D /* Extensions.swift */; };
		6DD75E3F2B7CFE9700BE3E8D /* FirebaseAnalytics in Frameworks */ = {isa = PBXBuildFile; productRef = 6DD75E3E2B7CFE9700BE3E8D /* FirebaseAnalytics */; };
		6DD75E412B7CFE9700BE3E8D /* FirebaseAnalyticsOnDeviceConversion in Frameworks */ = {isa = PBXBuildFile; productRef = 6DD75E402B7CFE9700BE3E8D /* FirebaseAnalyticsOnDeviceConversion */; };
		6DD75E432B7CFE9700BE3E8D /* FirebaseAnalyticsSwift in Frameworks */ = {isa = PBXBuildFile; productRef = 6DD75E422B7CFE9700BE3E8D /* FirebaseAnalyticsSwift */; };
		6DD75E452B7CFE9700BE3E8D /* FirebaseAnalyticsWithoutAdIdSupport in Frameworks */ = {isa = PBXBuildFile; productRef = 6DD75E442B7CFE9700BE3E8D /* FirebaseAnalyticsWithoutAdIdSupport */; };
		6DD75E472B7CFE9700BE3E8D /* FirebaseAppCheck in Frameworks */ = {isa = PBXBuildFile; productRef = 6DD75E462B7CFE9700BE3E8D /* FirebaseAppCheck */; };
		6DD75E492B7CFE9700BE3E8D /* FirebaseAppDistribution-Beta in Frameworks */ = {isa = PBXBuildFile; productRef = 6DD75E482B7CFE9700BE3E8D /* FirebaseAppDistribution-Beta */; };
		6DD75E4B2B7CFE9700BE3E8D /* FirebaseAuth in Frameworks */ = {isa = PBXBuildFile; productRef = 6DD75E4A2B7CFE9700BE3E8D /* FirebaseAuth */; };
		6DD75E4D2B7CFE9700BE3E8D /* FirebaseAuthCombine-Community in Frameworks */ = {isa = PBXBuildFile; productRef = 6DD75E4C2B7CFE9700BE3E8D /* FirebaseAuthCombine-Community */; };
		6DD75E4F2B7CFE9700BE3E8D /* FirebaseDatabase in Frameworks */ = {isa = PBXBuildFile; productRef = 6DD75E4E2B7CFE9700BE3E8D /* FirebaseDatabase */; };
		6DD75E512B7CFE9700BE3E8D /* FirebaseFirestore in Frameworks */ = {isa = PBXBuildFile; productRef = 6DD75E502B7CFE9700BE3E8D /* FirebaseFirestore */; };
		6DD75E532B7CFE9700BE3E8D /* FirebaseMessaging in Frameworks */ = {isa = PBXBuildFile; productRef = 6DD75E522B7CFE9700BE3E8D /* FirebaseMessaging */; };
		6DD75E552B7CFE9700BE3E8D /* FirebaseRemoteConfig in Frameworks */ = {isa = PBXBuildFile; productRef = 6DD75E542B7CFE9700BE3E8D /* FirebaseRemoteConfig */; };
		6DD75E572B7CFE9700BE3E8D /* FirebaseStorage in Frameworks */ = {isa = PBXBuildFile; productRef = 6DD75E562B7CFE9700BE3E8D /* FirebaseStorage */; };
		6DD75E592B7CFE9700BE3E8D /* FirebaseStorageCombine-Community in Frameworks */ = {isa = PBXBuildFile; productRef = 6DD75E582B7CFE9700BE3E8D /* FirebaseStorageCombine-Community */; };
		6DD75E5B2B7D076D00BE3E8D /* DatabaseManager.swift in Sources */ = {isa = PBXBuildFile; fileRef = 6DD75E5A2B7D076D00BE3E8D /* DatabaseManager.swift */; };
		6DD75E5E2B7D72DE00BE3E8D /* FacebookAEM in Frameworks */ = {isa = PBXBuildFile; productRef = 6DD75E5D2B7D72DE00BE3E8D /* FacebookAEM */; };
		6DD75E602B7D72DE00BE3E8D /* FacebookBasics in Frameworks */ = {isa = PBXBuildFile; productRef = 6DD75E5F2B7D72DE00BE3E8D /* FacebookBasics */; };
		6DD75E622B7D72DE00BE3E8D /* FacebookCore in Frameworks */ = {isa = PBXBuildFile; productRef = 6DD75E612B7D72DE00BE3E8D /* FacebookCore */; };
		6DD75E662B7D72DE00BE3E8D /* FacebookLogin in Frameworks */ = {isa = PBXBuildFile; productRef = 6DD75E652B7D72DE00BE3E8D /* FacebookLogin */; };
		6DD75E682B7D72DE00BE3E8D /* FacebookShare in Frameworks */ = {isa = PBXBuildFile; productRef = 6DD75E672B7D72DE00BE3E8D /* FacebookShare */; };
		6DD75E6C2B7D74FB00BE3E8D /* FacebookAEM in Frameworks */ = {isa = PBXBuildFile; productRef = 6DD75E6B2B7D74FB00BE3E8D /* FacebookAEM */; };
		6DD75E6E2B7D74FB00BE3E8D /* FacebookBasics in Frameworks */ = {isa = PBXBuildFile; productRef = 6DD75E6D2B7D74FB00BE3E8D /* FacebookBasics */; };
		6DD75E702B7D74FB00BE3E8D /* FacebookCore in Frameworks */ = {isa = PBXBuildFile; productRef = 6DD75E6F2B7D74FB00BE3E8D /* FacebookCore */; };
		6DD75E742B7D74FB00BE3E8D /* FacebookLogin in Frameworks */ = {isa = PBXBuildFile; productRef = 6DD75E732B7D74FB00BE3E8D /* FacebookLogin */; };
		6DD75E7B2B7D793C00BE3E8D /* FacebookAEM in Frameworks */ = {isa = PBXBuildFile; productRef = 6DD75E7A2B7D793C00BE3E8D /* FacebookAEM */; };
		6DD75E7D2B7D793C00BE3E8D /* FacebookBasics in Frameworks */ = {isa = PBXBuildFile; productRef = 6DD75E7C2B7D793C00BE3E8D /* FacebookBasics */; };
		6DD75E7F2B7D793C00BE3E8D /* FacebookCore in Frameworks */ = {isa = PBXBuildFile; productRef = 6DD75E7E2B7D793C00BE3E8D /* FacebookCore */; };
		6DD75E832B7D793C00BE3E8D /* FacebookLogin in Frameworks */ = {isa = PBXBuildFile; productRef = 6DD75E822B7D793C00BE3E8D /* FacebookLogin */; };
		6DD75E852B7D793C00BE3E8D /* FacebookShare in Frameworks */ = {isa = PBXBuildFile; productRef = 6DD75E842B7D793C00BE3E8D /* FacebookShare */; };
		6DD75E932B7D7BD500BE3E8D /* FacebookShare in Frameworks */ = {isa = PBXBuildFile; productRef = 6DD75E922B7D7BD500BE3E8D /* FacebookShare */; };
		6DD75E972B7D80A100BE3E8D /* FacebookCore in Frameworks */ = {isa = PBXBuildFile; productRef = 6DD75E962B7D80A100BE3E8D /* FacebookCore */; };
		6DD75E992B7D80A100BE3E8D /* FacebookLogin in Frameworks */ = {isa = PBXBuildFile; productRef = 6DD75E982B7D80A100BE3E8D /* FacebookLogin */; };
		6DD75E9B2B7D80A100BE3E8D /* FacebookShare in Frameworks */ = {isa = PBXBuildFile; productRef = 6DD75E9A2B7D80A100BE3E8D /* FacebookShare */; };
		6DF4EC772B7E2EFA00042E9F /* GoogleSignIn in Frameworks */ = {isa = PBXBuildFile; productRef = 6DF4EC762B7E2EFA00042E9F /* GoogleSignIn */; };
		6DF4EC792B7E2EFA00042E9F /* GoogleSignInSwift in Frameworks */ = {isa = PBXBuildFile; productRef = 6DF4EC782B7E2EFA00042E9F /* GoogleSignInSwift */; };
		6DF4EC7D2B7E403D00042E9F /* GoogleService-Info.plist in Resources */ = {isa = PBXBuildFile; fileRef = 6DF4EC7C2B7E403D00042E9F /* GoogleService-Info.plist */; };
		6DF4EC832B7E538F00042E9F /* Realm in Frameworks */ = {isa = PBXBuildFile; productRef = 6DF4EC822B7E538F00042E9F /* Realm */; };
		6DF4EC852B7E538F00042E9F /* RealmSwift in Frameworks */ = {isa = PBXBuildFile; productRef = 6DF4EC842B7E538F00042E9F /* RealmSwift */; };
		6DF4EC882B7E541E00042E9F /* JGProgressHUD in Frameworks */ = {isa = PBXBuildFile; productRef = 6DF4EC872B7E541E00042E9F /* JGProgressHUD */; };
		6DF4EC8B2B7E54EB00042E9F /* SDWebImage in Frameworks */ = {isa = PBXBuildFile; productRef = 6DF4EC8A2B7E54EB00042E9F /* SDWebImage */; };
		6DF4EC8D2B7E54EB00042E9F /* SDWebImageMapKit in Frameworks */ = {isa = PBXBuildFile; productRef = 6DF4EC8C2B7E54EB00042E9F /* SDWebImageMapKit */; };
		6DF4EC8F2B7E58D600042E9F /* ChatViewController.swift in Sources */ = {isa = PBXBuildFile; fileRef = 6DF4EC8E2B7E58D600042E9F /* ChatViewController.swift */; };
/* End PBXBuildFile section */

/* Begin PBXFileReference section */
		6D07B34C2B828FE00015B4DE /* ConversationTableViewCell.swift */ = {isa = PBXFileReference; lastKnownFileType = sourcecode.swift; path = ConversationTableViewCell.swift; sourceTree = "<group>"; };
		6D94E2722B7EBEF500677086 /* StorageManager.swift */ = {isa = PBXFileReference; lastKnownFileType = sourcecode.swift; path = StorageManager.swift; sourceTree = "<group>"; };
		6DBB88BF2BA4AA2600A1D66B /* LocationPickerViewController.swift */ = {isa = PBXFileReference; lastKnownFileType = sourcecode.swift; path = LocationPickerViewController.swift; sourceTree = "<group>"; };
		6DBB88C12BA7720200A1D66B /* ConversationModels.swift */ = {isa = PBXFileReference; lastKnownFileType = sourcecode.swift; path = ConversationModels.swift; sourceTree = "<group>"; };
		6DBB88C32BA7724A00A1D66B /* ChatModels.swift */ = {isa = PBXFileReference; lastKnownFileType = sourcecode.swift; path = ChatModels.swift; sourceTree = "<group>"; };
		6DBB88C52BA7729600A1D66B /* SearchResultsModel.swift */ = {isa = PBXFileReference; lastKnownFileType = sourcecode.swift; path = SearchResultsModel.swift; sourceTree = "<group>"; };
		6DBB88C72BA7732E00A1D66B /* ProfileViewModel.swift */ = {isa = PBXFileReference; lastKnownFileType = sourcecode.swift; path = ProfileViewModel.swift; sourceTree = "<group>"; };
		6DC127972B972BAB00A8D459 /* NewConversationCell.swift */ = {isa = PBXFileReference; lastKnownFileType = sourcecode.swift; path = NewConversationCell.swift; sourceTree = "<group>"; };
		6DD75E0F2B7CD18C00BE3E8D /* MessangerApp.app */ = {isa = PBXFileReference; explicitFileType = wrapper.application; includeInIndex = 0; path = MessangerApp.app; sourceTree = BUILT_PRODUCTS_DIR; };
		6DD75E122B7CD18C00BE3E8D /* AppDelegate.swift */ = {isa = PBXFileReference; lastKnownFileType = sourcecode.swift; path = AppDelegate.swift; sourceTree = "<group>"; };
		6DD75E142B7CD18C00BE3E8D /* SceneDelegate.swift */ = {isa = PBXFileReference; lastKnownFileType = sourcecode.swift; path = SceneDelegate.swift; sourceTree = "<group>"; };
		6DD75E162B7CD18C00BE3E8D /* ConversationViewController.swift */ = {isa = PBXFileReference; lastKnownFileType = sourcecode.swift; path = ConversationViewController.swift; sourceTree = "<group>"; };
		6DD75E192B7CD18C00BE3E8D /* Base */ = {isa = PBXFileReference; lastKnownFileType = file.storyboard; name = Base; path = Base.lproj/Main.storyboard; sourceTree = "<group>"; };
		6DD75E1B2B7CD18D00BE3E8D /* Assets.xcassets */ = {isa = PBXFileReference; lastKnownFileType = folder.assetcatalog; path = Assets.xcassets; sourceTree = "<group>"; };
		6DD75E1E2B7CD18D00BE3E8D /* Base */ = {isa = PBXFileReference; lastKnownFileType = file.storyboard; name = Base; path = Base.lproj/LaunchScreen.storyboard; sourceTree = "<group>"; };
		6DD75E202B7CD18D00BE3E8D /* Info.plist */ = {isa = PBXFileReference; lastKnownFileType = text.plist.xml; path = Info.plist; sourceTree = "<group>"; };
		6DD75E2C2B7CD2D500BE3E8D /* LoginViewController.swift */ = {isa = PBXFileReference; lastKnownFileType = sourcecode.swift; path = LoginViewController.swift; sourceTree = "<group>"; };
		6DD75E2E2B7CD2E500BE3E8D /* RegisterViewController.swift */ = {isa = PBXFileReference; lastKnownFileType = sourcecode.swift; path = RegisterViewController.swift; sourceTree = "<group>"; };
		6DD75E302B7CD2FF00BE3E8D /* PhotoViewerViewController.swift */ = {isa = PBXFileReference; lastKnownFileType = sourcecode.swift; path = PhotoViewerViewController.swift; sourceTree = "<group>"; };
		6DD75E342B7CD32C00BE3E8D /* NewConversationViewController.swift */ = {isa = PBXFileReference; lastKnownFileType = sourcecode.swift; path = NewConversationViewController.swift; sourceTree = "<group>"; };
		6DD75E362B7CD33800BE3E8D /* ProfileViewController.swift */ = {isa = PBXFileReference; lastKnownFileType = sourcecode.swift; path = ProfileViewController.swift; sourceTree = "<group>"; };
		6DD75E392B7CD9D900BE3E8D /* Extensions.swift */ = {isa = PBXFileReference; lastKnownFileType = sourcecode.swift; path = Extensions.swift; sourceTree = "<group>"; };
		6DD75E5A2B7D076D00BE3E8D /* DatabaseManager.swift */ = {isa = PBXFileReference; lastKnownFileType = sourcecode.swift; path = DatabaseManager.swift; sourceTree = "<group>"; };
		6DD75E792B7D768C00BE3E8D /* MessangerApp.entitlements */ = {isa = PBXFileReference; lastKnownFileType = text.plist.entitlements; path = MessangerApp.entitlements; sourceTree = "<group>"; };
		6DF4EC7C2B7E403D00042E9F /* GoogleService-Info.plist */ = {isa = PBXFileReference; fileEncoding = 4; lastKnownFileType = text.plist.xml; path = "GoogleService-Info.plist"; sourceTree = "<group>"; };
		6DF4EC8E2B7E58D600042E9F /* ChatViewController.swift */ = {isa = PBXFileReference; lastKnownFileType = sourcecode.swift; path = ChatViewController.swift; sourceTree = "<group>"; };
/* End PBXFileReference section */

/* Begin PBXFrameworksBuildPhase section */
		6DD75E0C2B7CD18C00BE3E8D /* Frameworks */ = {
			isa = PBXFrameworksBuildPhase;
			buildActionMask = 2147483647;
			files = (
				6DD75E432B7CFE9700BE3E8D /* FirebaseAnalyticsSwift in Frameworks */,
				6DD75E3F2B7CFE9700BE3E8D /* FirebaseAnalytics in Frameworks */,
				6DF4EC772B7E2EFA00042E9F /* GoogleSignIn in Frameworks */,
				6DD75E412B7CFE9700BE3E8D /* FirebaseAnalyticsOnDeviceConversion in Frameworks */,
				6DD75E552B7CFE9700BE3E8D /* FirebaseRemoteConfig in Frameworks */,
				6DD75E832B7D793C00BE3E8D /* FacebookLogin in Frameworks */,
				6DF4EC8D2B7E54EB00042E9F /* SDWebImageMapKit in Frameworks */,
				6DF4EC832B7E538F00042E9F /* Realm in Frameworks */,
				6DD75E512B7CFE9700BE3E8D /* FirebaseFirestore in Frameworks */,
				6DF4EC852B7E538F00042E9F /* RealmSwift in Frameworks */,
				6DD75E472B7CFE9700BE3E8D /* FirebaseAppCheck in Frameworks */,
				6DD75E5E2B7D72DE00BE3E8D /* FacebookAEM in Frameworks */,
				6DF4EC792B7E2EFA00042E9F /* GoogleSignInSwift in Frameworks */,
				6DD75E7F2B7D793C00BE3E8D /* FacebookCore in Frameworks */,
				6DD75E972B7D80A100BE3E8D /* FacebookCore in Frameworks */,
				6DD75E992B7D80A100BE3E8D /* FacebookLogin in Frameworks */,
				6DD75E702B7D74FB00BE3E8D /* FacebookCore in Frameworks */,
				6DD75E622B7D72DE00BE3E8D /* FacebookCore in Frameworks */,
				6DD75E932B7D7BD500BE3E8D /* FacebookShare in Frameworks */,
				6DF4EC882B7E541E00042E9F /* JGProgressHUD in Frameworks */,
				6DD75E452B7CFE9700BE3E8D /* FirebaseAnalyticsWithoutAdIdSupport in Frameworks */,
				6DD75E4B2B7CFE9700BE3E8D /* FirebaseAuth in Frameworks */,
				6DD75E592B7CFE9700BE3E8D /* FirebaseStorageCombine-Community in Frameworks */,
				6DD75E662B7D72DE00BE3E8D /* FacebookLogin in Frameworks */,
				6DD75E7B2B7D793C00BE3E8D /* FacebookAEM in Frameworks */,
				6DD75E572B7CFE9700BE3E8D /* FirebaseStorage in Frameworks */,
				6DD75E4F2B7CFE9700BE3E8D /* FirebaseDatabase in Frameworks */,
				6DD75E492B7CFE9700BE3E8D /* FirebaseAppDistribution-Beta in Frameworks */,
				6DD75E602B7D72DE00BE3E8D /* FacebookBasics in Frameworks */,
				6DD75E532B7CFE9700BE3E8D /* FirebaseMessaging in Frameworks */,
				6DD75E742B7D74FB00BE3E8D /* FacebookLogin in Frameworks */,
				6DD75E6C2B7D74FB00BE3E8D /* FacebookAEM in Frameworks */,
				6DD75E9B2B7D80A100BE3E8D /* FacebookShare in Frameworks */,
				6DD75E852B7D793C00BE3E8D /* FacebookShare in Frameworks */,
				6DD75E6E2B7D74FB00BE3E8D /* FacebookBasics in Frameworks */,
				6DD75E682B7D72DE00BE3E8D /* FacebookShare in Frameworks */,
				6DF4EC8B2B7E54EB00042E9F /* SDWebImage in Frameworks */,
				6DD75E7D2B7D793C00BE3E8D /* FacebookBasics in Frameworks */,
				6DD75E4D2B7CFE9700BE3E8D /* FirebaseAuthCombine-Community in Frameworks */,
				6D94E24C2B7E947300677086 /* MessageKit in Frameworks */,
			);
			runOnlyForDeploymentPostprocessing = 0;
		};
/* End PBXFrameworksBuildPhase section */

/* Begin PBXGroup section */
		6DD75E062B7CD18C00BE3E8D = {
			isa = PBXGroup;
			children = (
				6DD75E112B7CD18C00BE3E8D /* MessangerApp */,
				6DD75E102B7CD18C00BE3E8D /* Products */,
			);
			sourceTree = "<group>";
		};
		6DD75E102B7CD18C00BE3E8D /* Products */ = {
			isa = PBXGroup;
			children = (
				6DD75E0F2B7CD18C00BE3E8D /* MessangerApp.app */,
			);
			name = Products;
			sourceTree = "<group>";
		};
		6DD75E112B7CD18C00BE3E8D /* MessangerApp */ = {
			isa = PBXGroup;
			children = (
				6DF4EC7C2B7E403D00042E9F /* GoogleService-Info.plist */,
				6DD75E792B7D768C00BE3E8D /* MessangerApp.entitlements */,
				6DD75E2A2B7CD1D900BE3E8D /* Resources */,
				6DD75E292B7CD1D300BE3E8D /* Controllers */,
				6DD75E282B7CD1C500BE3E8D /* Views */,
				6DD75E272B7CD1BE00BE3E8D /* Models */,
				6DD75E262B7CD1B500BE3E8D /* ViewModels */,
				6DD75E202B7CD18D00BE3E8D /* Info.plist */,
			);
			path = MessangerApp;
			sourceTree = "<group>";
		};
		6DD75E262B7CD1B500BE3E8D /* ViewModels */ = {
			isa = PBXGroup;
			children = (
			);
			path = ViewModels;
			sourceTree = "<group>";
		};
		6DD75E272B7CD1BE00BE3E8D /* Models */ = {
			isa = PBXGroup;
			children = (
				6DBB88C12BA7720200A1D66B /* ConversationModels.swift */,
				6DBB88C32BA7724A00A1D66B /* ChatModels.swift */,
				6DBB88C52BA7729600A1D66B /* SearchResultsModel.swift */,
				6DBB88C72BA7732E00A1D66B /* ProfileViewModel.swift */,
			);
			path = Models;
			sourceTree = "<group>";
		};
		6DD75E282B7CD1C500BE3E8D /* Views */ = {
			isa = PBXGroup;
			children = (
				6DD75E2B2B7CD21B00BE3E8D /* Storyboards */,
				6D07B34C2B828FE00015B4DE /* ConversationTableViewCell.swift */,
				6DD75E1B2B7CD18D00BE3E8D /* Assets.xcassets */,
				6DC127972B972BAB00A8D459 /* NewConversationCell.swift */,
			);
			path = Views;
			sourceTree = "<group>";
		};
		6DD75E292B7CD1D300BE3E8D /* Controllers */ = {
			isa = PBXGroup;
			children = (
				6DD75E162B7CD18C00BE3E8D /* ConversationViewController.swift */,
				6DD75E342B7CD32C00BE3E8D /* NewConversationViewController.swift */,
				6DF4EC8E2B7E58D600042E9F /* ChatViewController.swift */,
				6DD75E382B7CD38100BE3E8D /* Login-Register */,
				6DD75E302B7CD2FF00BE3E8D /* PhotoViewerViewController.swift */,
				6DD75E362B7CD33800BE3E8D /* ProfileViewController.swift */,
				6DBB88BF2BA4AA2600A1D66B /* LocationPickerViewController.swift */,
			);
			path = Controllers;
			sourceTree = "<group>";
		};
		6DD75E2A2B7CD1D900BE3E8D /* Resources */ = {
			isa = PBXGroup;
			children = (
				6DD75E122B7CD18C00BE3E8D /* AppDelegate.swift */,
				6DD75E142B7CD18C00BE3E8D /* SceneDelegate.swift */,
				6DD75E392B7CD9D900BE3E8D /* Extensions.swift */,
				6DD75E5A2B7D076D00BE3E8D /* DatabaseManager.swift */,
				6D94E2722B7EBEF500677086 /* StorageManager.swift */,
			);
			path = Resources;
			sourceTree = "<group>";
		};
		6DD75E2B2B7CD21B00BE3E8D /* Storyboards */ = {
			isa = PBXGroup;
			children = (
				6DD75E182B7CD18C00BE3E8D /* Main.storyboard */,
				6DD75E1D2B7CD18D00BE3E8D /* LaunchScreen.storyboard */,
			);
			path = Storyboards;
			sourceTree = "<group>";
		};
		6DD75E382B7CD38100BE3E8D /* Login-Register */ = {
			isa = PBXGroup;
			children = (
				6DD75E2C2B7CD2D500BE3E8D /* LoginViewController.swift */,
				6DD75E2E2B7CD2E500BE3E8D /* RegisterViewController.swift */,
			);
			path = "Login-Register";
			sourceTree = "<group>";
		};
/* End PBXGroup section */

/* Begin PBXNativeTarget section */
		6DD75E0E2B7CD18C00BE3E8D /* MessangerApp */ = {
			isa = PBXNativeTarget;
			buildConfigurationList = 6DD75E232B7CD18D00BE3E8D /* Build configuration list for PBXNativeTarget "MessangerApp" */;
			buildPhases = (
				6DD75E0B2B7CD18C00BE3E8D /* Sources */,
				6DD75E0C2B7CD18C00BE3E8D /* Frameworks */,
				6DD75E0D2B7CD18C00BE3E8D /* Resources */,
			);
			buildRules = (
			);
			dependencies = (
			);
			name = MessangerApp;
			packageProductDependencies = (
				6DD75E3E2B7CFE9700BE3E8D /* FirebaseAnalytics */,
				6DD75E402B7CFE9700BE3E8D /* FirebaseAnalyticsOnDeviceConversion */,
				6DD75E422B7CFE9700BE3E8D /* FirebaseAnalyticsSwift */,
				6DD75E442B7CFE9700BE3E8D /* FirebaseAnalyticsWithoutAdIdSupport */,
				6DD75E462B7CFE9700BE3E8D /* FirebaseAppCheck */,
				6DD75E482B7CFE9700BE3E8D /* FirebaseAppDistribution-Beta */,
				6DD75E4A2B7CFE9700BE3E8D /* FirebaseAuth */,
				6DD75E4C2B7CFE9700BE3E8D /* FirebaseAuthCombine-Community */,
				6DD75E4E2B7CFE9700BE3E8D /* FirebaseDatabase */,
				6DD75E502B7CFE9700BE3E8D /* FirebaseFirestore */,
				6DD75E522B7CFE9700BE3E8D /* FirebaseMessaging */,
				6DD75E542B7CFE9700BE3E8D /* FirebaseRemoteConfig */,
				6DD75E562B7CFE9700BE3E8D /* FirebaseStorage */,
				6DD75E582B7CFE9700BE3E8D /* FirebaseStorageCombine-Community */,
				6DD75E5D2B7D72DE00BE3E8D /* FacebookAEM */,
				6DD75E5F2B7D72DE00BE3E8D /* FacebookBasics */,
				6DD75E612B7D72DE00BE3E8D /* FacebookCore */,
				6DD75E652B7D72DE00BE3E8D /* FacebookLogin */,
				6DD75E672B7D72DE00BE3E8D /* FacebookShare */,
				6DD75E6B2B7D74FB00BE3E8D /* FacebookAEM */,
				6DD75E6D2B7D74FB00BE3E8D /* FacebookBasics */,
				6DD75E6F2B7D74FB00BE3E8D /* FacebookCore */,
				6DD75E732B7D74FB00BE3E8D /* FacebookLogin */,
				6DD75E7A2B7D793C00BE3E8D /* FacebookAEM */,
				6DD75E7C2B7D793C00BE3E8D /* FacebookBasics */,
				6DD75E7E2B7D793C00BE3E8D /* FacebookCore */,
				6DD75E822B7D793C00BE3E8D /* FacebookLogin */,
				6DD75E842B7D793C00BE3E8D /* FacebookShare */,
				6DD75E922B7D7BD500BE3E8D /* FacebookShare */,
				6DD75E962B7D80A100BE3E8D /* FacebookCore */,
				6DD75E982B7D80A100BE3E8D /* FacebookLogin */,
				6DD75E9A2B7D80A100BE3E8D /* FacebookShare */,
				6DF4EC762B7E2EFA00042E9F /* GoogleSignIn */,
				6DF4EC782B7E2EFA00042E9F /* GoogleSignInSwift */,
				6DF4EC822B7E538F00042E9F /* Realm */,
				6DF4EC842B7E538F00042E9F /* RealmSwift */,
				6DF4EC872B7E541E00042E9F /* JGProgressHUD */,
				6DF4EC8A2B7E54EB00042E9F /* SDWebImage */,
				6DF4EC8C2B7E54EB00042E9F /* SDWebImageMapKit */,
				6D94E24B2B7E947300677086 /* MessageKit */,
			);
			productName = MessangerApp;
			productReference = 6DD75E0F2B7CD18C00BE3E8D /* MessangerApp.app */;
			productType = "com.apple.product-type.application";
		};
/* End PBXNativeTarget section */

/* Begin PBXProject section */
		6DD75E072B7CD18C00BE3E8D /* Project object */ = {
			isa = PBXProject;
			attributes = {
				BuildIndependentTargetsInParallel = 1;
				LastSwiftUpdateCheck = 1500;
				LastUpgradeCheck = 1500;
				TargetAttributes = {
					6DD75E0E2B7CD18C00BE3E8D = {
						CreatedOnToolsVersion = 15.0;
					};
				};
			};
			buildConfigurationList = 6DD75E0A2B7CD18C00BE3E8D /* Build configuration list for PBXProject "MessangerApp" */;
			compatibilityVersion = "Xcode 14.0";
			developmentRegion = en;
			hasScannedForEncodings = 0;
			knownRegions = (
				en,
				Base,
			);
			mainGroup = 6DD75E062B7CD18C00BE3E8D;
			packageReferences = (
				6DD75E3D2B7CFE9700BE3E8D /* XCRemoteSwiftPackageReference "firebase-ios-sdk" */,
				6DD75E5C2B7D71E800BE3E8D /* XCRemoteSwiftPackageReference "facebook-ios-sdk" */,
				6DF4EC752B7E2EFA00042E9F /* XCRemoteSwiftPackageReference "GoogleSignIn-iOS" */,
				6DF4EC7E2B7E4BA000042E9F /* XCRemoteSwiftPackageReference "MessageKit" */,
				6DF4EC812B7E538F00042E9F /* XCRemoteSwiftPackageReference "realm-cocoa" */,
				6DF4EC862B7E541E00042E9F /* XCRemoteSwiftPackageReference "JGProgressHUD" */,
				6DF4EC892B7E54EB00042E9F /* XCRemoteSwiftPackageReference "SDWebImage" */,
			);
			productRefGroup = 6DD75E102B7CD18C00BE3E8D /* Products */;
			projectDirPath = "";
			projectRoot = "";
			targets = (
				6DD75E0E2B7CD18C00BE3E8D /* MessangerApp */,
			);
		};
/* End PBXProject section */

/* Begin PBXResourcesBuildPhase section */
		6DD75E0D2B7CD18C00BE3E8D /* Resources */ = {
			isa = PBXResourcesBuildPhase;
			buildActionMask = 2147483647;
			files = (
				6DD75E1F2B7CD18D00BE3E8D /* LaunchScreen.storyboard in Resources */,
				6DF4EC7D2B7E403D00042E9F /* GoogleService-Info.plist in Resources */,
				6DD75E1C2B7CD18D00BE3E8D /* Assets.xcassets in Resources */,
				6DD75E1A2B7CD18C00BE3E8D /* Main.storyboard in Resources */,
			);
			runOnlyForDeploymentPostprocessing = 0;
		};
/* End PBXResourcesBuildPhase section */

/* Begin PBXSourcesBuildPhase section */
		6DD75E0B2B7CD18C00BE3E8D /* Sources */ = {
			isa = PBXSourcesBuildPhase;
			buildActionMask = 2147483647;
			files = (
				6DD75E2D2B7CD2D500BE3E8D /* LoginViewController.swift in Sources */,
				6DBB88C82BA7732E00A1D66B /* ProfileViewModel.swift in Sources */,
				6DD75E5B2B7D076D00BE3E8D /* DatabaseManager.swift in Sources */,
				6DD75E2F2B7CD2E500BE3E8D /* RegisterViewController.swift in Sources */,
				6DBB88C42BA7724A00A1D66B /* ChatModels.swift in Sources */,
				6DD75E352B7CD32C00BE3E8D /* NewConversationViewController.swift in Sources */,
				6DD75E172B7CD18C00BE3E8D /* ConversationViewController.swift in Sources */,
				6DD75E3A2B7CD9D900BE3E8D /* Extensions.swift in Sources */,
				6DD75E132B7CD18C00BE3E8D /* AppDelegate.swift in Sources */,
				6DD75E372B7CD33800BE3E8D /* ProfileViewController.swift in Sources */,
				6DD75E152B7CD18C00BE3E8D /* SceneDelegate.swift in Sources */,
				6D07B34D2B828FE00015B4DE /* ConversationTableViewCell.swift in Sources */,
				6DF4EC8F2B7E58D600042E9F /* ChatViewController.swift in Sources */,
				6DD75E312B7CD2FF00BE3E8D /* PhotoViewerViewController.swift in Sources */,
				6DBB88C22BA7720200A1D66B /* ConversationModels.swift in Sources */,
				6D94E2732B7EBEF500677086 /* StorageManager.swift in Sources */,
				6DC127982B972BAB00A8D459 /* NewConversationCell.swift in Sources */,
				6DBB88C02BA4AA2600A1D66B /* LocationPickerViewController.swift in Sources */,
				6DBB88C62BA7729600A1D66B /* SearchResultsModel.swift in Sources */,
			);
			runOnlyForDeploymentPostprocessing = 0;
		};
/* End PBXSourcesBuildPhase section */

/* Begin PBXVariantGroup section */
		6DD75E182B7CD18C00BE3E8D /* Main.storyboard */ = {
			isa = PBXVariantGroup;
			children = (
				6DD75E192B7CD18C00BE3E8D /* Base */,
			);
			name = Main.storyboard;
			sourceTree = "<group>";
		};
		6DD75E1D2B7CD18D00BE3E8D /* LaunchScreen.storyboard */ = {
			isa = PBXVariantGroup;
			children = (
				6DD75E1E2B7CD18D00BE3E8D /* Base */,
			);
			name = LaunchScreen.storyboard;
			sourceTree = "<group>";
		};
/* End PBXVariantGroup section */

/* Begin XCBuildConfiguration section */
		6DD75E212B7CD18D00BE3E8D /* Debug */ = {
			isa = XCBuildConfiguration;
			buildSettings = {
				ALWAYS_SEARCH_USER_PATHS = NO;
				ASSETCATALOG_COMPILER_GENERATE_SWIFT_ASSET_SYMBOL_EXTENSIONS = YES;
				CLANG_ANALYZER_NONNULL = YES;
				CLANG_ANALYZER_NUMBER_OBJECT_CONVERSION = YES_AGGRESSIVE;
				CLANG_CXX_LANGUAGE_STANDARD = "gnu++20";
				CLANG_ENABLE_MODULES = YES;
				CLANG_ENABLE_OBJC_ARC = YES;
				CLANG_ENABLE_OBJC_WEAK = YES;
				CLANG_WARN_BLOCK_CAPTURE_AUTORELEASING = YES;
				CLANG_WARN_BOOL_CONVERSION = YES;
				CLANG_WARN_COMMA = YES;
				CLANG_WARN_CONSTANT_CONVERSION = YES;
				CLANG_WARN_DEPRECATED_OBJC_IMPLEMENTATIONS = YES;
				CLANG_WARN_DIRECT_OBJC_ISA_USAGE = YES_ERROR;
				CLANG_WARN_DOCUMENTATION_COMMENTS = YES;
				CLANG_WARN_EMPTY_BODY = YES;
				CLANG_WARN_ENUM_CONVERSION = YES;
				CLANG_WARN_INFINITE_RECURSION = YES;
				CLANG_WARN_INT_CONVERSION = YES;
				CLANG_WARN_NON_LITERAL_NULL_CONVERSION = YES;
				CLANG_WARN_OBJC_IMPLICIT_RETAIN_SELF = YES;
				CLANG_WARN_OBJC_LITERAL_CONVERSION = YES;
				CLANG_WARN_OBJC_ROOT_CLASS = YES_ERROR;
				CLANG_WARN_QUOTED_INCLUDE_IN_FRAMEWORK_HEADER = YES;
				CLANG_WARN_RANGE_LOOP_ANALYSIS = YES;
				CLANG_WARN_STRICT_PROTOTYPES = YES;
				CLANG_WARN_SUSPICIOUS_MOVE = YES;
				CLANG_WARN_UNGUARDED_AVAILABILITY = YES_AGGRESSIVE;
				CLANG_WARN_UNREACHABLE_CODE = YES;
				CLANG_WARN__DUPLICATE_METHOD_MATCH = YES;
				COPY_PHASE_STRIP = NO;
				DEBUG_INFORMATION_FORMAT = dwarf;
				ENABLE_STRICT_OBJC_MSGSEND = YES;
				ENABLE_TESTABILITY = YES;
				ENABLE_USER_SCRIPT_SANDBOXING = YES;
				GCC_C_LANGUAGE_STANDARD = gnu17;
				GCC_DYNAMIC_NO_PIC = NO;
				GCC_NO_COMMON_BLOCKS = YES;
				GCC_OPTIMIZATION_LEVEL = 0;
				GCC_PREPROCESSOR_DEFINITIONS = (
					"DEBUG=1",
					"$(inherited)",
				);
				GCC_WARN_64_TO_32_BIT_CONVERSION = YES;
				GCC_WARN_ABOUT_RETURN_TYPE = YES_ERROR;
				GCC_WARN_UNDECLARED_SELECTOR = YES;
				GCC_WARN_UNINITIALIZED_AUTOS = YES_AGGRESSIVE;
				GCC_WARN_UNUSED_FUNCTION = YES;
				GCC_WARN_UNUSED_VARIABLE = YES;
				IPHONEOS_DEPLOYMENT_TARGET = 17.0;
				LOCALIZATION_PREFERS_STRING_CATALOGS = YES;
				MTL_ENABLE_DEBUG_INFO = INCLUDE_SOURCE;
				MTL_FAST_MATH = YES;
				ONLY_ACTIVE_ARCH = YES;
				SDKROOT = iphoneos;
				SWIFT_ACTIVE_COMPILATION_CONDITIONS = "DEBUG $(inherited)";
				SWIFT_OPTIMIZATION_LEVEL = "-Onone";
			};
			name = Debug;
		};
		6DD75E222B7CD18D00BE3E8D /* Release */ = {
			isa = XCBuildConfiguration;
			buildSettings = {
				ALWAYS_SEARCH_USER_PATHS = NO;
				ASSETCATALOG_COMPILER_GENERATE_SWIFT_ASSET_SYMBOL_EXTENSIONS = YES;
				CLANG_ANALYZER_NONNULL = YES;
				CLANG_ANALYZER_NUMBER_OBJECT_CONVERSION = YES_AGGRESSIVE;
				CLANG_CXX_LANGUAGE_STANDARD = "gnu++20";
				CLANG_ENABLE_MODULES = YES;
				CLANG_ENABLE_OBJC_ARC = YES;
				CLANG_ENABLE_OBJC_WEAK = YES;
				CLANG_WARN_BLOCK_CAPTURE_AUTORELEASING = YES;
				CLANG_WARN_BOOL_CONVERSION = YES;
				CLANG_WARN_COMMA = YES;
				CLANG_WARN_CONSTANT_CONVERSION = YES;
				CLANG_WARN_DEPRECATED_OBJC_IMPLEMENTATIONS = YES;
				CLANG_WARN_DIRECT_OBJC_ISA_USAGE = YES_ERROR;
				CLANG_WARN_DOCUMENTATION_COMMENTS = YES;
				CLANG_WARN_EMPTY_BODY = YES;
				CLANG_WARN_ENUM_CONVERSION = YES;
				CLANG_WARN_INFINITE_RECURSION = YES;
				CLANG_WARN_INT_CONVERSION = YES;
				CLANG_WARN_NON_LITERAL_NULL_CONVERSION = YES;
				CLANG_WARN_OBJC_IMPLICIT_RETAIN_SELF = YES;
				CLANG_WARN_OBJC_LITERAL_CONVERSION = YES;
				CLANG_WARN_OBJC_ROOT_CLASS = YES_ERROR;
				CLANG_WARN_QUOTED_INCLUDE_IN_FRAMEWORK_HEADER = YES;
				CLANG_WARN_RANGE_LOOP_ANALYSIS = YES;
				CLANG_WARN_STRICT_PROTOTYPES = YES;
				CLANG_WARN_SUSPICIOUS_MOVE = YES;
				CLANG_WARN_UNGUARDED_AVAILABILITY = YES_AGGRESSIVE;
				CLANG_WARN_UNREACHABLE_CODE = YES;
				CLANG_WARN__DUPLICATE_METHOD_MATCH = YES;
				COPY_PHASE_STRIP = NO;
				DEBUG_INFORMATION_FORMAT = "dwarf-with-dsym";
				ENABLE_NS_ASSERTIONS = NO;
				ENABLE_STRICT_OBJC_MSGSEND = YES;
				ENABLE_USER_SCRIPT_SANDBOXING = YES;
				GCC_C_LANGUAGE_STANDARD = gnu17;
				GCC_NO_COMMON_BLOCKS = YES;
				GCC_WARN_64_TO_32_BIT_CONVERSION = YES;
				GCC_WARN_ABOUT_RETURN_TYPE = YES_ERROR;
				GCC_WARN_UNDECLARED_SELECTOR = YES;
				GCC_WARN_UNINITIALIZED_AUTOS = YES_AGGRESSIVE;
				GCC_WARN_UNUSED_FUNCTION = YES;
				GCC_WARN_UNUSED_VARIABLE = YES;
				IPHONEOS_DEPLOYMENT_TARGET = 17.0;
				LOCALIZATION_PREFERS_STRING_CATALOGS = YES;
				MTL_ENABLE_DEBUG_INFO = NO;
				MTL_FAST_MATH = YES;
				SDKROOT = iphoneos;
				SWIFT_COMPILATION_MODE = wholemodule;
				VALIDATE_PRODUCT = YES;
			};
			name = Release;
		};
		6DD75E242B7CD18D00BE3E8D /* Debug */ = {
			isa = XCBuildConfiguration;
			buildSettings = {
				ASSETCATALOG_COMPILER_APPICON_NAME = AppIcon;
				ASSETCATALOG_COMPILER_GLOBAL_ACCENT_COLOR_NAME = AccentColor;
				CODE_SIGN_ENTITLEMENTS = MessangerApp/MessangerApp.entitlements;
				CODE_SIGN_STYLE = Automatic;
				CURRENT_PROJECT_VERSION = 1;
				GENERATE_INFOPLIST_FILE = YES;
				INFOPLIST_FILE = MessangerApp/Info.plist;
				INFOPLIST_KEY_NSCameraUsageDescription = "Please allow access to take a profile picture.";
				INFOPLIST_KEY_NSPhotoLibraryAddUsageDescription = "Please allow access to select a photo for your profile.";
				INFOPLIST_KEY_NSPhotoLibraryUsageDescription = "Please allow access to select a photo for your profile.";
				INFOPLIST_KEY_UIApplicationSupportsIndirectInputEvents = YES;
				INFOPLIST_KEY_UILaunchStoryboardName = LaunchScreen;
				INFOPLIST_KEY_UIMainStoryboardFile = Main;
				INFOPLIST_KEY_UISupportedInterfaceOrientations = UIInterfaceOrientationPortrait;
				IPHONEOS_DEPLOYMENT_TARGET = 13.0;
				LD_RUNPATH_SEARCH_PATHS = (
					"$(inherited)",
					"@executable_path/Frameworks",
				);
				MARKETING_VERSION = 1.0;
				PRODUCT_BUNDLE_IDENTIFIER = com.beyzatastan.MessangerApp;
				PRODUCT_NAME = "$(TARGET_NAME)";
				SUPPORTED_PLATFORMS = "iphoneos iphonesimulator";
				SUPPORTS_MACCATALYST = NO;
				SWIFT_EMIT_LOC_STRINGS = YES;
				SWIFT_VERSION = 5.0;
				TARGETED_DEVICE_FAMILY = "1,2";
			};
			name = Debug;
		};
		6DD75E252B7CD18D00BE3E8D /* Release */ = {
			isa = XCBuildConfiguration;
			buildSettings = {
				ASSETCATALOG_COMPILER_APPICON_NAME = AppIcon;
				ASSETCATALOG_COMPILER_GLOBAL_ACCENT_COLOR_NAME = AccentColor;
				CODE_SIGN_ENTITLEMENTS = MessangerApp/MessangerApp.entitlements;
				CODE_SIGN_STYLE = Automatic;
				CURRENT_PROJECT_VERSION = 1;
				GENERATE_INFOPLIST_FILE = YES;
				INFOPLIST_FILE = MessangerApp/Info.plist;
				INFOPLIST_KEY_NSCameraUsageDescription = "Please allow access to take a profile picture.";
				INFOPLIST_KEY_NSPhotoLibraryAddUsageDescription = "Please allow access to select a photo for your profile.";
				INFOPLIST_KEY_NSPhotoLibraryUsageDescription = "Please allow access to select a photo for your profile.";
				INFOPLIST_KEY_UIApplicationSupportsIndirectInputEvents = YES;
				INFOPLIST_KEY_UILaunchStoryboardName = LaunchScreen;
				INFOPLIST_KEY_UIMainStoryboardFile = Main;
				INFOPLIST_KEY_UISupportedInterfaceOrientations = UIInterfaceOrientationPortrait;
				IPHONEOS_DEPLOYMENT_TARGET = 13.0;
				LD_RUNPATH_SEARCH_PATHS = (
					"$(inherited)",
					"@executable_path/Frameworks",
				);
				MARKETING_VERSION = 1.0;
				PRODUCT_BUNDLE_IDENTIFIER = com.beyzatastan.MessangerApp;
				PRODUCT_NAME = "$(TARGET_NAME)";
				SUPPORTED_PLATFORMS = "iphoneos iphonesimulator";
				SUPPORTS_MACCATALYST = NO;
				SWIFT_EMIT_LOC_STRINGS = YES;
				SWIFT_VERSION = 5.0;
				TARGETED_DEVICE_FAMILY = "1,2";
			};
			name = Release;
		};
/* End XCBuildConfiguration section */

/* Begin XCConfigurationList section */
		6DD75E0A2B7CD18C00BE3E8D /* Build configuration list for PBXProject "MessangerApp" */ = {
			isa = XCConfigurationList;
			buildConfigurations = (
				6DD75E212B7CD18D00BE3E8D /* Debug */,
				6DD75E222B7CD18D00BE3E8D /* Release */,
			);
			defaultConfigurationIsVisible = 0;
			defaultConfigurationName = Release;
		};
		6DD75E232B7CD18D00BE3E8D /* Build configuration list for PBXNativeTarget "MessangerApp" */ = {
			isa = XCConfigurationList;
			buildConfigurations = (
				6DD75E242B7CD18D00BE3E8D /* Debug */,
				6DD75E252B7CD18D00BE3E8D /* Release */,
			);
			defaultConfigurationIsVisible = 0;
			defaultConfigurationName = Release;
		};
/* End XCConfigurationList section */

/* Begin XCRemoteSwiftPackageReference section */
		6DD75E3D2B7CFE9700BE3E8D /* XCRemoteSwiftPackageReference "firebase-ios-sdk" */ = {
			isa = XCRemoteSwiftPackageReference;
			repositoryURL = "https://github.com/firebase/firebase-ios-sdk";
			requirement = {
				kind = upToNextMajorVersion;
				minimumVersion = 10.21.0;
			};
		};
		6DD75E5C2B7D71E800BE3E8D /* XCRemoteSwiftPackageReference "facebook-ios-sdk" */ = {
			isa = XCRemoteSwiftPackageReference;
			repositoryURL = "https://github.com/facebook/facebook-ios-sdk";
			requirement = {
				kind = upToNextMajorVersion;
				minimumVersion = 14.1.0;
			};
		};
		6DF4EC752B7E2EFA00042E9F /* XCRemoteSwiftPackageReference "GoogleSignIn-iOS" */ = {
			isa = XCRemoteSwiftPackageReference;
			repositoryURL = "https://github.com/google/GoogleSignIn-iOS";
			requirement = {
				kind = upToNextMajorVersion;
				minimumVersion = 7.0.0;
			};
		};
		6DF4EC7E2B7E4BA000042E9F /* XCRemoteSwiftPackageReference "MessageKit" */ = {
			isa = XCRemoteSwiftPackageReference;
			repositoryURL = "https://github.com/MessageKit/MessageKit.git";
			requirement = {
				kind = upToNextMajorVersion;
				minimumVersion = 4.2.0;
			};
		};
		6DF4EC812B7E538F00042E9F /* XCRemoteSwiftPackageReference "realm-cocoa" */ = {
			isa = XCRemoteSwiftPackageReference;
			repositoryURL = "https://github.com/realm/realm-cocoa.git";
			requirement = {
				branch = master;
				kind = branch;
			};
		};
		6DF4EC862B7E541E00042E9F /* XCRemoteSwiftPackageReference "JGProgressHUD" */ = {
			isa = XCRemoteSwiftPackageReference;
			repositoryURL = "https://github.com/JonasGessner/JGProgressHUD.git";
			requirement = {
				kind = upToNextMajorVersion;
				minimumVersion = 2.2.0;
			};
		};
		6DF4EC892B7E54EB00042E9F /* XCRemoteSwiftPackageReference "SDWebImage" */ = {
			isa = XCRemoteSwiftPackageReference;
			repositoryURL = "https://github.com/SDWebImage/SDWebImage.git";
			requirement = {
				kind = upToNextMajorVersion;
				minimumVersion = 5.18.11;
			};
		};
/* End XCRemoteSwiftPackageReference section */

/* Begin XCSwiftPackageProductDependency section */
		6D94E24B2B7E947300677086 /* MessageKit */ = {
			isa = XCSwiftPackageProductDependency;
			productName = MessageKit;
		};
		6DD75E3E2B7CFE9700BE3E8D /* FirebaseAnalytics */ = {
			isa = XCSwiftPackageProductDependency;
			package = 6DD75E3D2B7CFE9700BE3E8D /* XCRemoteSwiftPackageReference "firebase-ios-sdk" */;
			productName = FirebaseAnalytics;
		};
		6DD75E402B7CFE9700BE3E8D /* FirebaseAnalyticsOnDeviceConversion */ = {
			isa = XCSwiftPackageProductDependency;
			package = 6DD75E3D2B7CFE9700BE3E8D /* XCRemoteSwiftPackageReference "firebase-ios-sdk" */;
			productName = FirebaseAnalyticsOnDeviceConversion;
		};
		6DD75E422B7CFE9700BE3E8D /* FirebaseAnalyticsSwift */ = {
			isa = XCSwiftPackageProductDependency;
			package = 6DD75E3D2B7CFE9700BE3E8D /* XCRemoteSwiftPackageReference "firebase-ios-sdk" */;
			productName = FirebaseAnalyticsSwift;
		};
		6DD75E442B7CFE9700BE3E8D /* FirebaseAnalyticsWithoutAdIdSupport */ = {
			isa = XCSwiftPackageProductDependency;
			package = 6DD75E3D2B7CFE9700BE3E8D /* XCRemoteSwiftPackageReference "firebase-ios-sdk" */;
			productName = FirebaseAnalyticsWithoutAdIdSupport;
		};
		6DD75E462B7CFE9700BE3E8D /* FirebaseAppCheck */ = {
			isa = XCSwiftPackageProductDependency;
			package = 6DD75E3D2B7CFE9700BE3E8D /* XCRemoteSwiftPackageReference "firebase-ios-sdk" */;
			productName = FirebaseAppCheck;
		};
		6DD75E482B7CFE9700BE3E8D /* FirebaseAppDistribution-Beta */ = {
			isa = XCSwiftPackageProductDependency;
			package = 6DD75E3D2B7CFE9700BE3E8D /* XCRemoteSwiftPackageReference "firebase-ios-sdk" */;
			productName = "FirebaseAppDistribution-Beta";
		};
		6DD75E4A2B7CFE9700BE3E8D /* FirebaseAuth */ = {
			isa = XCSwiftPackageProductDependency;
			package = 6DD75E3D2B7CFE9700BE3E8D /* XCRemoteSwiftPackageReference "firebase-ios-sdk" */;
			productName = FirebaseAuth;
		};
		6DD75E4C2B7CFE9700BE3E8D /* FirebaseAuthCombine-Community */ = {
			isa = XCSwiftPackageProductDependency;
			package = 6DD75E3D2B7CFE9700BE3E8D /* XCRemoteSwiftPackageReference "firebase-ios-sdk" */;
			productName = "FirebaseAuthCombine-Community";
		};
		6DD75E4E2B7CFE9700BE3E8D /* FirebaseDatabase */ = {
			isa = XCSwiftPackageProductDependency;
			package = 6DD75E3D2B7CFE9700BE3E8D /* XCRemoteSwiftPackageReference "firebase-ios-sdk" */;
			productName = FirebaseDatabase;
		};
		6DD75E502B7CFE9700BE3E8D /* FirebaseFirestore */ = {
			isa = XCSwiftPackageProductDependency;
			package = 6DD75E3D2B7CFE9700BE3E8D /* XCRemoteSwiftPackageReference "firebase-ios-sdk" */;
			productName = FirebaseFirestore;
		};
		6DD75E522B7CFE9700BE3E8D /* FirebaseMessaging */ = {
			isa = XCSwiftPackageProductDependency;
			package = 6DD75E3D2B7CFE9700BE3E8D /* XCRemoteSwiftPackageReference "firebase-ios-sdk" */;
			productName = FirebaseMessaging;
		};
		6DD75E542B7CFE9700BE3E8D /* FirebaseRemoteConfig */ = {
			isa = XCSwiftPackageProductDependency;
			package = 6DD75E3D2B7CFE9700BE3E8D /* XCRemoteSwiftPackageReference "firebase-ios-sdk" */;
			productName = FirebaseRemoteConfig;
		};
		6DD75E562B7CFE9700BE3E8D /* FirebaseStorage */ = {
			isa = XCSwiftPackageProductDependency;
			package = 6DD75E3D2B7CFE9700BE3E8D /* XCRemoteSwiftPackageReference "firebase-ios-sdk" */;
			productName = FirebaseStorage;
		};
		6DD75E582B7CFE9700BE3E8D /* FirebaseStorageCombine-Community */ = {
			isa = XCSwiftPackageProductDependency;
			package = 6DD75E3D2B7CFE9700BE3E8D /* XCRemoteSwiftPackageReference "firebase-ios-sdk" */;
			productName = "FirebaseStorageCombine-Community";
		};
		6DD75E5D2B7D72DE00BE3E8D /* FacebookAEM */ = {
			isa = XCSwiftPackageProductDependency;
			package = 6DD75E5C2B7D71E800BE3E8D /* XCRemoteSwiftPackageReference "facebook-ios-sdk" */;
			productName = FacebookAEM;
		};
		6DD75E5F2B7D72DE00BE3E8D /* FacebookBasics */ = {
			isa = XCSwiftPackageProductDependency;
			package = 6DD75E5C2B7D71E800BE3E8D /* XCRemoteSwiftPackageReference "facebook-ios-sdk" */;
			productName = FacebookBasics;
		};
		6DD75E612B7D72DE00BE3E8D /* FacebookCore */ = {
			isa = XCSwiftPackageProductDependency;
			package = 6DD75E5C2B7D71E800BE3E8D /* XCRemoteSwiftPackageReference "facebook-ios-sdk" */;
			productName = FacebookCore;
		};
		6DD75E652B7D72DE00BE3E8D /* FacebookLogin */ = {
			isa = XCSwiftPackageProductDependency;
			package = 6DD75E5C2B7D71E800BE3E8D /* XCRemoteSwiftPackageReference "facebook-ios-sdk" */;
			productName = FacebookLogin;
		};
		6DD75E672B7D72DE00BE3E8D /* FacebookShare */ = {
			isa = XCSwiftPackageProductDependency;
			package = 6DD75E5C2B7D71E800BE3E8D /* XCRemoteSwiftPackageReference "facebook-ios-sdk" */;
			productName = FacebookShare;
		};
		6DD75E6B2B7D74FB00BE3E8D /* FacebookAEM */ = {
			isa = XCSwiftPackageProductDependency;
			package = 6DD75E5C2B7D71E800BE3E8D /* XCRemoteSwiftPackageReference "facebook-ios-sdk" */;
			productName = FacebookAEM;
		};
		6DD75E6D2B7D74FB00BE3E8D /* FacebookBasics */ = {
			isa = XCSwiftPackageProductDependency;
			package = 6DD75E5C2B7D71E800BE3E8D /* XCRemoteSwiftPackageReference "facebook-ios-sdk" */;
			productName = FacebookBasics;
		};
		6DD75E6F2B7D74FB00BE3E8D /* FacebookCore */ = {
			isa = XCSwiftPackageProductDependency;
			package = 6DD75E5C2B7D71E800BE3E8D /* XCRemoteSwiftPackageReference "facebook-ios-sdk" */;
			productName = FacebookCore;
		};
		6DD75E732B7D74FB00BE3E8D /* FacebookLogin */ = {
			isa = XCSwiftPackageProductDependency;
			package = 6DD75E5C2B7D71E800BE3E8D /* XCRemoteSwiftPackageReference "facebook-ios-sdk" */;
			productName = FacebookLogin;
		};
		6DD75E7A2B7D793C00BE3E8D /* FacebookAEM */ = {
			isa = XCSwiftPackageProductDependency;
			package = 6DD75E5C2B7D71E800BE3E8D /* XCRemoteSwiftPackageReference "facebook-ios-sdk" */;
			productName = FacebookAEM;
		};
		6DD75E7C2B7D793C00BE3E8D /* FacebookBasics */ = {
			isa = XCSwiftPackageProductDependency;
			package = 6DD75E5C2B7D71E800BE3E8D /* XCRemoteSwiftPackageReference "facebook-ios-sdk" */;
			productName = FacebookBasics;
		};
		6DD75E7E2B7D793C00BE3E8D /* FacebookCore */ = {
			isa = XCSwiftPackageProductDependency;
			package = 6DD75E5C2B7D71E800BE3E8D /* XCRemoteSwiftPackageReference "facebook-ios-sdk" */;
			productName = FacebookCore;
		};
		6DD75E822B7D793C00BE3E8D /* FacebookLogin */ = {
			isa = XCSwiftPackageProductDependency;
			package = 6DD75E5C2B7D71E800BE3E8D /* XCRemoteSwiftPackageReference "facebook-ios-sdk" */;
			productName = FacebookLogin;
		};
		6DD75E842B7D793C00BE3E8D /* FacebookShare */ = {
			isa = XCSwiftPackageProductDependency;
			package = 6DD75E5C2B7D71E800BE3E8D /* XCRemoteSwiftPackageReference "facebook-ios-sdk" */;
			productName = FacebookShare;
		};
		6DD75E922B7D7BD500BE3E8D /* FacebookShare */ = {
			isa = XCSwiftPackageProductDependency;
			package = 6DD75E5C2B7D71E800BE3E8D /* XCRemoteSwiftPackageReference "facebook-ios-sdk" */;
			productName = FacebookShare;
		};
		6DD75E962B7D80A100BE3E8D /* FacebookCore */ = {
			isa = XCSwiftPackageProductDependency;
			package = 6DD75E5C2B7D71E800BE3E8D /* XCRemoteSwiftPackageReference "facebook-ios-sdk" */;
			productName = FacebookCore;
		};
		6DD75E982B7D80A100BE3E8D /* FacebookLogin */ = {
			isa = XCSwiftPackageProductDependency;
			package = 6DD75E5C2B7D71E800BE3E8D /* XCRemoteSwiftPackageReference "facebook-ios-sdk" */;
			productName = FacebookLogin;
		};
		6DD75E9A2B7D80A100BE3E8D /* FacebookShare */ = {
			isa = XCSwiftPackageProductDependency;
			package = 6DD75E5C2B7D71E800BE3E8D /* XCRemoteSwiftPackageReference "facebook-ios-sdk" */;
			productName = FacebookShare;
		};
		6DF4EC762B7E2EFA00042E9F /* GoogleSignIn */ = {
			isa = XCSwiftPackageProductDependency;
			package = 6DF4EC752B7E2EFA00042E9F /* XCRemoteSwiftPackageReference "GoogleSignIn-iOS" */;
			productName = GoogleSignIn;
		};
		6DF4EC782B7E2EFA00042E9F /* GoogleSignInSwift */ = {
			isa = XCSwiftPackageProductDependency;
			package = 6DF4EC752B7E2EFA00042E9F /* XCRemoteSwiftPackageReference "GoogleSignIn-iOS" */;
			productName = GoogleSignInSwift;
		};
		6DF4EC822B7E538F00042E9F /* Realm */ = {
			isa = XCSwiftPackageProductDependency;
			package = 6DF4EC812B7E538F00042E9F /* XCRemoteSwiftPackageReference "realm-cocoa" */;
			productName = Realm;
		};
		6DF4EC842B7E538F00042E9F /* RealmSwift */ = {
			isa = XCSwiftPackageProductDependency;
			package = 6DF4EC812B7E538F00042E9F /* XCRemoteSwiftPackageReference "realm-cocoa" */;
			productName = RealmSwift;
		};
		6DF4EC872B7E541E00042E9F /* JGProgressHUD */ = {
			isa = XCSwiftPackageProductDependency;
			package = 6DF4EC862B7E541E00042E9F /* XCRemoteSwiftPackageReference "JGProgressHUD" */;
			productName = JGProgressHUD;
		};
		6DF4EC8A2B7E54EB00042E9F /* SDWebImage */ = {
			isa = XCSwiftPackageProductDependency;
			package = 6DF4EC892B7E54EB00042E9F /* XCRemoteSwiftPackageReference "SDWebImage" */;
			productName = SDWebImage;
		};
		6DF4EC8C2B7E54EB00042E9F /* SDWebImageMapKit */ = {
			isa = XCSwiftPackageProductDependency;
			package = 6DF4EC892B7E54EB00042E9F /* XCRemoteSwiftPackageReference "SDWebImage" */;
			productName = SDWebImageMapKit;
		};
/* End XCSwiftPackageProductDependency section */
	};
	rootObject = 6DD75E072B7CD18C00BE3E8D /* Project object */;
}
